
Microsoft Visual Studio Solution File, Format Version 12.00
# Visual Studio 15
VisualStudioVersion = 15.0.27130.2024
MinimumVisualStudioVersion = 10.0.40219.1
Project("{FAE04EC0-301F-11D3-BF4B-00C04F79EFBC}") = "lab 2", "lab 2\lab 2.csproj", "{51C1D479-C5B2-4BD5-9B17-F8FA563BE62A}"
EndProject
Global
	GlobalSection(SolutionConfigurationPlatforms) = preSolution
		Debug|Any CPU = Debug|Any CPU
		Release|Any CPU = Release|Any CPU
	EndGlobalSection
	GlobalSection(ProjectConfigurationPlatforms) = postSolution
		{51C1D479-C5B2-4BD5-9B17-F8FA563BE62A}.Debug|Any CPU.ActiveCfg = Debug|Any CPU
		{51C1D479-C5B2-4BD5-9B17-F8FA563BE62A}.Debug|Any CPU.Build.0 = Debug|Any CPU
		{51C1D479-C5B2-4BD5-9B17-F8FA563BE62A}.Release|Any CPU.ActiveCfg = Release|Any CPU
		{51C1D479-C5B2-4BD5-9B17-F8FA563BE62A}.Release|Any CPU.Build.0 = Release|Any CPU
	EndGlobalSection
	GlobalSection(SolutionProperties) = preSolution
		HideSolutionNode = FALSE
	EndGlobalSection
	GlobalSection(ExtensibilityGlobals) = postSolution
		SolutionGuid = {5CAF6E23-4F19-4EDD-9F0B-04AFE29A2260}
	EndGlobalSection
EndGlobal
