
Microsoft Visual Studio Solution File, Format Version 12.00
# Visual Studio 15
VisualStudioVersion = 15.0.27130.2024
MinimumVisualStudioVersion = 10.0.40219.1
Project("{FAE04EC0-301F-11D3-BF4B-00C04F79EFBC}") = "ConsoleApp1", "ConsoleApp1\ConsoleApp1.csproj", "{298F0986-E368-41CB-8314-826F447DA5B1}"
EndProject
Global
	GlobalSection(SolutionConfigurationPlatforms) = preSolution
		Debug|Any CPU = Debug|Any CPU
		Release|Any CPU = Release|Any CPU
	EndGlobalSection
	GlobalSection(ProjectConfigurationPlatforms) = postSolution
		{298F0986-E368-41CB-8314-826F447DA5B1}.Debug|Any CPU.ActiveCfg = Debug|Any CPU
		{298F0986-E368-41CB-8314-826F447DA5B1}.Debug|Any CPU.Build.0 = Debug|Any CPU
		{298F0986-E368-41CB-8314-826F447DA5B1}.Release|Any CPU.ActiveCfg = Release|Any CPU
		{298F0986-E368-41CB-8314-826F447DA5B1}.Release|Any CPU.Build.0 = Release|Any CPU
	EndGlobalSection
	GlobalSection(SolutionProperties) = preSolution
		HideSolutionNode = FALSE
	EndGlobalSection
	GlobalSection(ExtensibilityGlobals) = postSolution
		SolutionGuid = {AF9438E4-75A7-4A0A-92F1-B41F10105B32}
	EndGlobalSection
EndGlobal
